// !$*UTF8*$!
{
	archiveVersion = 1;
	classes = {
	};
	objectVersion = 77;
	objects = {

/* Begin PBXBuildFile section */
		A1F00000000000000000000A /* Supabase in Frameworks */ = {isa = PBXBuildFile; productRef = A1F00000000000000000000B /* Supabase */; };
		A1F00000000000000000000C /* MyFeedsShare.appex in Embed Foundation Extensions */ = {isa = PBXBuildFile; fileRef = A1F000000000000000000000 /* MyFeedsShare.appex */; settings = {ATTRIBUTES = (RemoveHeadersOnCopy, ); }; };
		XXCB0C833A4E7DDE353CE0XX /* Supabase in Frameworks */ = {isa = PBXBuildFile; productRef = XX17F496E7391AF4178246XX /* Supabase */; };
/* End PBXBuildFile section */

/* Begin PBXContainerItemProxy section */
		105FC58A2E9EAD3200EA8BCF /* PBXContainerItemProxy */ = {
			isa = PBXContainerItemProxy;
			containerPortal = 105FC5722E9EAD3100EA8BCF /* Project object */;
			proxyType = 1;
			remoteGlobalIDString = 105FC5792E9EAD3100EA8BCF;
			remoteInfo = MyFeeds;
		};
		105FC5942E9EAD3200EA8BCF /* PBXContainerItemProxy */ = {
			isa = PBXContainerItemProxy;
			containerPortal = 105FC5722E9EAD3100EA8BCF /* Project object */;
			proxyType = 1;
			remoteGlobalIDString = 105FC5792E9EAD3100EA8BCF;
			remoteInfo = MyFeeds;
		};
		A1F00000000000000000000E /* PBXContainerItemProxy */ = {
			isa = PBXContainerItemProxy;
			containerPortal = 105FC5722E9EAD3100EA8BCF /* Project object */;
			proxyType = 1;
			remoteGlobalIDString = A1F000000000000000000006;
			remoteInfo = MyFeedsShare;
		};
/* End PBXContainerItemProxy section */

/* Begin PBXCopyFilesBuildPhase section */
		A1F00000000000000000000D /* Embed Foundation Extensions */ = {
			isa = PBXCopyFilesBuildPhase;
			buildActionMask = 2147483647;
			dstPath = "";
			dstSubfolderSpec = 13;
			files = (
				A1F00000000000000000000C /* MyFeedsShare.appex in Embed Foundation Extensions */,
			);
			name = "Embed Foundation Extensions";
			runOnlyForDeploymentPostprocessing = 0;
		};
/* End PBXCopyFilesBuildPhase section */

/* Begin PBXFileReference section */
		105FC57A2E9EAD3100EA8BCF /* MyFeeds.app */ = {isa = PBXFileReference; explicitFileType = wrapper.application; includeInIndex = 0; path = MyFeeds.app; sourceTree = BUILT_PRODUCTS_DIR; };
		105FC5892E9EAD3200EA8BCF /* MyFeedsTests.xctest */ = {isa = PBXFileReference; explicitFileType = wrapper.cfbundle; includeInIndex = 0; path = MyFeedsTests.xctest; sourceTree = BUILT_PRODUCTS_DIR; };
		105FC5932E9EAD3200EA8BCF /* MyFeedsUITests.xctest */ = {isa = PBXFileReference; explicitFileType = wrapper.cfbundle; includeInIndex = 0; path = MyFeedsUITests.xctest; sourceTree = BUILT_PRODUCTS_DIR; };
		A1F000000000000000000000 /* MyFeedsShare.appex */ = {isa = PBXFileReference; explicitFileType = "wrapper.app-extension"; includeInIndex = 0; path = MyFeedsShare.appex; sourceTree = BUILT_PRODUCTS_DIR; };
/* End PBXFileReference section */

/* Begin PBXFileSystemSynchronizedBuildFileExceptionSet section */
		A1F000000000000000000002 /* Exceptions for "MyFeedsShare" folder in "MyFeedsShare" target */ = {
			isa = PBXFileSystemSynchronizedBuildFileExceptionSet;
			membershipExceptions = (
				Info.plist,
			);
			target = A1F000000000000000000006 /* MyFeedsShare */;
		};
		A1F000000000000000000010 /* Exceptions for "MyFeedsShare" folder in "MyFeeds" target */ = {
			isa = PBXFileSystemSynchronizedBuildFileExceptionSet;
			membershipExceptions = (
				Info.plist,
				MyFeedsShare.entitlements,
				ShareViewController.swift,
				SharedAuthStorage.swift,
			);
			target = 105FC5792E9EAD3100EA8BCF /* MyFeeds */;
		};
/* End PBXFileSystemSynchronizedBuildFileExceptionSet section */

/* Begin PBXFileSystemSynchronizedRootGroup section */
		105FC57C2E9EAD3100EA8BCF /* MyFeeds */ = {
			isa = PBXFileSystemSynchronizedRootGroup;
			path = MyFeeds;
			sourceTree = "<group>";
		};
		105FC58C2E9EAD3200EA8BCF /* MyFeedsTests */ = {
			isa = PBXFileSystemSynchronizedRootGroup;
			path = MyFeedsTests;
			sourceTree = "<group>";
		};
		105FC5962E9EAD3200EA8BCF /* MyFeedsUITests */ = {
			isa = PBXFileSystemSynchronizedRootGroup;
			path = MyFeedsUITests;
			sourceTree = "<group>";
		};
		A1F000000000000000000001 /* MyFeedsShare */ = {
			isa = PBXFileSystemSynchronizedRootGroup;
			exceptions = (
				A1F000000000000000000002 /* Exceptions for "MyFeedsShare" folder in "MyFeedsShare" target */,
				A1F000000000000000000010 /* Exceptions for "MyFeedsShare" folder in "MyFeeds" target */,
			);
			path = MyFeedsShare;
			sourceTree = "<group>";
		};
/* End PBXFileSystemSynchronizedRootGroup section */

/* Begin PBXFrameworksBuildPhase section */
		105FC5772E9EAD3100EA8BCF /* Frameworks */ = {
			isa = PBXFrameworksBuildPhase;
			buildActionMask = 2147483647;
			files = (
				XXCB0C833A4E7DDE353CE0XX /* Supabase in Frameworks */,
			);
			runOnlyForDeploymentPostprocessing = 0;
		};
		105FC5862E9EAD3200EA8BCF /* Frameworks */ = {
			isa = PBXFrameworksBuildPhase;
			buildActionMask = 2147483647;
			files = (
			);
			runOnlyForDeploymentPostprocessing = 0;
		};
		105FC5902E9EAD3200EA8BCF /* Frameworks */ = {
			isa = PBXFrameworksBuildPhase;
			buildActionMask = 2147483647;
			files = (
			);
			runOnlyForDeploymentPostprocessing = 0;
		};
		A1F000000000000000000003 /* Frameworks */ = {
			isa = PBXFrameworksBuildPhase;
			buildActionMask = 2147483647;
			files = (
				A1F00000000000000000000A /* Supabase in Frameworks */,
			);
			runOnlyForDeploymentPostprocessing = 0;
		};
/* End PBXFrameworksBuildPhase section */

/* Begin PBXGroup section */
		105FC5712E9EAD3100EA8BCF = {
			isa = PBXGroup;
			children = (
				105FC57C2E9EAD3100EA8BCF /* MyFeeds */,
				105FC58C2E9EAD3200EA8BCF /* MyFeedsTests */,
				105FC5962E9EAD3200EA8BCF /* MyFeedsUITests */,
				A1F000000000000000000001 /* MyFeedsShare */,
				105FC57B2E9EAD3100EA8BCF /* Products */,
			);
			sourceTree = "<group>";
		};
		105FC57B2E9EAD3100EA8BCF /* Products */ = {
			isa = PBXGroup;
			children = (
				105FC57A2E9EAD3100EA8BCF /* MyFeeds.app */,
				105FC5892E9EAD3200EA8BCF /* MyFeedsTests.xctest */,
				105FC5932E9EAD3200EA8BCF /* MyFeedsUITests.xctest */,
				A1F000000000000000000000 /* MyFeedsShare.appex */,
			);
			name = Products;
			sourceTree = "<group>";
		};
/* End PBXGroup section */

/* Begin PBXNativeTarget section */
		105FC5792E9EAD3100EA8BCF /* MyFeeds */ = {
			isa = PBXNativeTarget;
			buildConfigurationList = 105FC59D2E9EAD3200EA8BCF /* Build configuration list for PBXNativeTarget "MyFeeds" */;
			buildPhases = (
				105FC5A62E9EAD3200EA8BCF /* Generate Config.swift */,
				105FC5762E9EAD3100EA8BCF /* Sources */,
				105FC5772E9EAD3100EA8BCF /* Frameworks */,
				105FC5782E9EAD3100EA8BCF /* Resources */,
				A1F00000000000000000000D /* Embed Foundation Extensions */,
			);
			buildRules = (
			);
			dependencies = (
				A1F00000000000000000000F /* PBXTargetDependency */,
			);
			fileSystemSynchronizedGroups = (
				105FC57C2E9EAD3100EA8BCF /* MyFeeds */,
				A1F000000000000000000001 /* MyFeedsShare */,
			);
			name = MyFeeds;
			packageProductDependencies = (
				XX17F496E7391AF4178246XX /* Supabase */,
			);
			productName = MyFeeds;
			productReference = 105FC57A2E9EAD3100EA8BCF /* MyFeeds.app */;
			productType = "com.apple.product-type.application";
		};
		105FC5882E9EAD3200EA8BCF /* MyFeedsTests */ = {
			isa = PBXNativeTarget;
			buildConfigurationList = 105FC5A02E9EAD3200EA8BCF /* Build configuration list for PBXNativeTarget "MyFeedsTests" */;
			buildPhases = (
				105FC5852E9EAD3200EA8BCF /* Sources */,
				105FC5862E9EAD3200EA8BCF /* Frameworks */,
				105FC5872E9EAD3200EA8BCF /* Resources */,
			);
			buildRules = (
			);
			dependencies = (
				105FC58B2E9EAD3200EA8BCF /* PBXTargetDependency */,
			);
			fileSystemSynchronizedGroups = (
				105FC58C2E9EAD3200EA8BCF /* MyFeedsTests */,
			);
			name = MyFeedsTests;
			packageProductDependencies = (
			);
			productName = MyFeedsTests;
			productReference = 105FC5892E9EAD3200EA8BCF /* MyFeedsTests.xctest */;
			productType = "com.apple.product-type.bundle.unit-test";
		};
		105FC5922E9EAD3200EA8BCF /* MyFeedsUITests */ = {
			isa = PBXNativeTarget;
			buildConfigurationList = 105FC5A32E9EAD3200EA8BCF /* Build configuration list for PBXNativeTarget "MyFeedsUITests" */;
			buildPhases = (
				105FC58F2E9EAD3200EA8BCF /* Sources */,
				105FC5902E9EAD3200EA8BCF /* Frameworks */,
				105FC5912E9EAD3200EA8BCF /* Resources */,
			);
			buildRules = (
			);
			dependencies = (
				105FC5952E9EAD3200EA8BCF /* PBXTargetDependency */,
			);
			fileSystemSynchronizedGroups = (
				105FC5962E9EAD3200EA8BCF /* MyFeedsUITests */,
			);
			name = MyFeedsUITests;
			packageProductDependencies = (
			);
			productName = MyFeedsUITests;
			productReference = 105FC5932E9EAD3200EA8BCF /* MyFeedsUITests.xctest */;
			productType = "com.apple.product-type.bundle.ui-testing";
		};
		A1F000000000000000000006 /* MyFeedsShare */ = {
			isa = PBXNativeTarget;
			buildConfigurationList = A1F000000000000000000007 /* Build configuration list for PBXNativeTarget "MyFeedsShare" */;
			buildPhases = (
				A1F000000000000000000004 /* Sources */,
				A1F000000000000000000003 /* Frameworks */,
				A1F000000000000000000005 /* Resources */,
			);
			buildRules = (
			);
			dependencies = (
			);
			fileSystemSynchronizedGroups = (
				A1F000000000000000000001 /* MyFeedsShare */,
			);
			name = MyFeedsShare;
			packageProductDependencies = (
				A1F00000000000000000000B /* Supabase */,
			);
			productName = MyFeedsShare;
			productReference = A1F000000000000000000000 /* MyFeedsShare.appex */;
			productType = "com.apple.product-type.app-extension";
		};
/* End PBXNativeTarget section */

/* Begin PBXProject section */
		105FC5722E9EAD3100EA8BCF /* Project object */ = {
			isa = PBXProject;
			attributes = {
				BuildIndependentTargetsInParallel = 1;
				LastSwiftUpdateCheck = 2600;
				LastUpgradeCheck = 2600;
				TargetAttributes = {
					105FC5792E9EAD3100EA8BCF = {
						CreatedOnToolsVersion = 26.0;
					};
					105FC5882E9EAD3200EA8BCF = {
						CreatedOnToolsVersion = 26.0;
						TestTargetID = 105FC5792E9EAD3100EA8BCF;
					};
					105FC5922E9EAD3200EA8BCF = {
						CreatedOnToolsVersion = 26.0;
						TestTargetID = 105FC5792E9EAD3100EA8BCF;
					};
					A1F000000000000000000006 = {
						CreatedOnToolsVersion = 26.0;
					};
				};
			};
			buildConfigurationList = 105FC5752E9EAD3100EA8BCF /* Build configuration list for PBXProject "MyFeeds" */;
			developmentRegion = en;
			hasScannedForEncodings = 0;
			knownRegions = (
				en,
				Base,
			);
			mainGroup = 105FC5712E9EAD3100EA8BCF;
			minimizedProjectReferenceProxies = 1;
			preferredProjectObjectVersion = 77;
			productRefGroup = 105FC57B2E9EAD3100EA8BCF /* Products */;
			projectDirPath = "";
			projectRoot = "";
			targets = (
				105FC5792E9EAD3100EA8BCF /* MyFeeds */,
				105FC5882E9EAD3200EA8BCF /* MyFeedsTests */,
				105FC5922E9EAD3200EA8BCF /* MyFeedsUITests */,
				A1F000000000000000000006 /* MyFeedsShare */,
			);
			packageReferences = (
				XXA26CCC1C14E04A80BED3XX /* XCRemoteSwiftPackageReference "supabase-swift" */,
			);
		};
/* End PBXProject section */

/* Begin PBXResourcesBuildPhase section */
		105FC5782E9EAD3100EA8BCF /* Resources */ = {
			isa = PBXResourcesBuildPhase;
			buildActionMask = 2147483647;
			files = (
			);
			runOnlyForDeploymentPostprocessing = 0;
		};
		105FC5872E9EAD3200EA8BCF /* Resources */ = {
			isa = PBXResourcesBuildPhase;
			buildActionMask = 2147483647;
			files = (
			);
			runOnlyForDeploymentPostprocessing = 0;
		};
		105FC5912E9EAD3200EA8BCF /* Resources */ = {
			isa = PBXResourcesBuildPhase;
			buildActionMask = 2147483647;
			files = (
			);
			runOnlyForDeploymentPostprocessing = 0;
		};
		A1F000000000000000000005 /* Resources */ = {
			isa = PBXResourcesBuildPhase;
			buildActionMask = 2147483647;
			files = (
			);
			runOnlyForDeploymentPostprocessing = 0;
		};
/* End PBXResourcesBuildPhase section */

/* Begin PBXShellScriptBuildPhase section */
		105FC5A62E9EAD3200EA8BCF /* Generate Config.swift */ = {
			isa = PBXShellScriptBuildPhase;
			alwaysOutOfDate = 1;
			buildActionMask = 2147483647;
			files = (
			);
			inputFileListPaths = (
			);
			inputPaths = (
			);
			name = "Generate Config.swift";
			outputFileListPaths = (
			);
			outputPaths = (
				"$(SRCROOT)/ios/MyFeeds/Config.swift",
			);
			runOnlyForDeploymentPostprocessing = 0;
			shellPath = /bin/sh;
			shellScript = "set -e\n\nCONFIG_DIR=\"${SRCROOT}/MyFeeds\"\nCONFIG_FILE=\"${CONFIG_DIR}/Config.swift\"\n\n# Config.swift is shipped read-only; make it writable for regeneration, then restore.\nchmod u+w \"$CONFIG_FILE\" 2>/dev/null || true\n\ncat > \"$CONFIG_FILE\" <<'EOF'\n// This file is auto-generated. Do not edit directly.\nimport Foundation\n\nenum Config {\n    static let EXPO_PUBLIC_PROJECT_ID = \"je0yu8oeyjzcpim4k10q0\"\n    static let EXPO_PUBLIC_RORK_API_BASE_URL = \"https://dev-je0yu8oeyjzcpim4k10q0.rorktest.dev\"\n    static let EXPO_PUBLIC_RORK_AUTH_URL = \"https://api.rork.com\"\n    static let EXPO_PUBLIC_RORK_FUNCTIONS_URL = \"https://daily-agent-digest-backend.rork.app\"\n    static let EXPO_PUBLIC_RORK_TOOLKIT_SECRET_KEY = \"rork_sk_wvt459xtxwt9u18xuzu3vazwneg43oha\"\n    static let EXPO_PUBLIC_SUPABASE_ANON_KEY = \"eyJhbGciOiJIUzI1NiIsInR5cCI6IkpXVCJ9.eyJpc3MiOiJzdXBhYmFzZSIsInJlZiI6Indhdmt4Ymtpcmt5and0bnN6bXlhIiwicm9sZSI6ImFub24iLCJpYXQiOjE3NjkyMjQxNjcsImV4cCI6MjA4NDgwMDE2N30.kBXxvf6bPTx7DuFD_PRMTmcOzKCv9rJmVonl_rTAPiE\"\n    static let EXPO_PUBLIC_SUPABASE_ANON_KEY_NEW = \"sb_publishable_Y3Z7eeOC2V3upsgO9nYJPw_sSNwJI-b\"\n    static let EXPO_PUBLIC_SUPABASE_URL = \"https://wavkxbkirkyjwtnszmya.supabase.co\"\n    static let EXPO_PUBLIC_TEAM_ID = \"2e874b8b-59d9-4d5e-a3b8-fea2621d27f8\"\n    static let EXPO_PUBLIC_TOOLKIT_URL = \"https://toolkit.rork.com\"\n\n    static let allValues: [String: String] = [\n        \"EXPO_PUBLIC_PROJECT_ID\": EXPO_PUBLIC_PROJECT_ID,\n        \"EXPO_PUBLIC_RORK_API_BASE_URL\": EXPO_PUBLIC_RORK_API_BASE_URL,\n        \"EXPO_PUBLIC_RORK_AUTH_URL\": EXPO_PUBLIC_RORK_AUTH_URL,\n        \"EXPO_PUBLIC_RORK_FUNCTIONS_URL\": EXPO_PUBLIC_RORK_FUNCTIONS_URL,\n        \"EXPO_PUBLIC_RORK_TOOLKIT_SECRET_KEY\": EXPO_PUBLIC_RORK_TOOLKIT_SECRET_KEY,\n        \"EXPO_PUBLIC_SUPABASE_ANON_KEY\": EXPO_PUBLIC_SUPABASE_ANON_KEY,\n        \"EXPO_PUBLIC_SUPABASE_ANON_KEY_NEW\": EXPO_PUBLIC_SUPABASE_ANON_KEY_NEW,\n        \"EXPO_PUBLIC_SUPABASE_URL\": EXPO_PUBLIC_SUPABASE_URL,\n        \"EXPO_PUBLIC_TEAM_ID\": EXPO_PUBLIC_TEAM_ID,\n        \"EXPO_PUBLIC_TOOLKIT_URL\": EXPO_PUBLIC_TOOLKIT_URL,\n    ]\n}\nEOF\nchmod u-w \"$CONFIG_FILE\" 2>/dev/null || true\n";
		};
/* End PBXShellScriptBuildPhase section */

/* Begin PBXSourcesBuildPhase section */
		105FC5762E9EAD3100EA8BCF /* Sources */ = {
			isa = PBXSourcesBuildPhase;
			buildActionMask = 2147483647;
			files = (
			);
			runOnlyForDeploymentPostprocessing = 0;
		};
		105FC5852E9EAD3200EA8BCF /* Sources */ = {
			isa = PBXSourcesBuildPhase;
			buildActionMask = 2147483647;
			files = (
			);
			runOnlyForDeploymentPostprocessing = 0;
		};
		105FC58F2E9EAD3200EA8BCF /* Sources */ = {
			isa = PBXSourcesBuildPhase;
			buildActionMask = 2147483647;
			files = (
			);
			runOnlyForDeploymentPostprocessing = 0;
		};
		A1F000000000000000000004 /* Sources */ = {
			isa = PBXSourcesBuildPhase;
			buildActionMask = 2147483647;
			files = (
			);
			runOnlyForDeploymentPostprocessing = 0;
		};
/* End PBXSourcesBuildPhase section */

/* Begin PBXTargetDependency section */
		105FC58B2E9EAD3200EA8BCF /* PBXTargetDependency */ = {
			isa = PBXTargetDependency;
			target = 105FC5792E9EAD3100EA8BCF /* MyFeeds */;
			targetProxy = 105FC58A2E9EAD3200EA8BCF /* PBXContainerItemProxy */;
		};
		105FC5952E9EAD3200EA8BCF /* PBXTargetDependency */ = {
			isa = PBXTargetDependency;
			target = 105FC5792E9EAD3100EA8BCF /* MyFeeds */;
			targetProxy = 105FC5942E9EAD3200EA8BCF /* PBXContainerItemProxy */;
		};
		A1F00000000000000000000F /* PBXTargetDependency */ = {
			isa = PBXTargetDependency;
			target = A1F000000000000000000006 /* MyFeedsShare */;
			targetProxy = A1F00000000000000000000E /* PBXContainerItemProxy */;
		};
/* End PBXTargetDependency section */

/* Begin XCBuildConfiguration section */
		105FC59B2E9EAD3200EA8BCF /* Debug */ = {
			isa = XCBuildConfiguration;
			buildSettings = {
				ALWAYS_SEARCH_USER_PATHS = NO;
				ASSETCATALOG_COMPILER_GENERATE_SWIFT_ASSET_SYMBOL_EXTENSIONS = YES;
				CLANG_ANALYZER_NONNULL = YES;
				CLANG_ANALYZER_NUMBER_OBJECT_CONVERSION = YES_AGGRESSIVE;
				CLANG_CXX_LANGUAGE_STANDARD = "gnu++20";
				CLANG_ENABLE_MODULES = YES;
				CLANG_ENABLE_OBJC_ARC = YES;
				CLANG_ENABLE_OBJC_WEAK = YES;
				CLANG_WARN_BLOCK_CAPTURE_AUTORELEASING = YES;
				CLANG_WARN_BOOL_CONVERSION = YES;
				CLANG_WARN_COMMA = YES;
				CLANG_WARN_CONSTANT_CONVERSION = YES;
				CLANG_WARN_DEPRECATED_OBJC_IMPLEMENTATIONS = YES;
				CLANG_WARN_DIRECT_OBJC_ISA_USAGE = YES_ERROR;
				CLANG_WARN_DOCUMENTATION_COMMENTS = YES;
				CLANG_WARN_EMPTY_BODY = YES;
				CLANG_WARN_ENUM_CONVERSION = YES;
				CLANG_WARN_INFINITE_RECURSION = YES;
				CLANG_WARN_INT_CONVERSION = YES;
				CLANG_WARN_NON_LITERAL_NULL_CONVERSION = YES;
				CLANG_WARN_OBJC_IMPLICIT_RETAIN_SELF = YES;
				CLANG_WARN_OBJC_LITERAL_CONVERSION = YES;
				CLANG_WARN_OBJC_ROOT_CLASS = YES_ERROR;
				CLANG_WARN_QUOTED_INCLUDE_IN_FRAMEWORK_HEADER = YES;
				CLANG_WARN_RANGE_LOOP_ANALYSIS = YES;
				CLANG_WARN_STRICT_PROTOTYPES = YES;
				CLANG_WARN_SUSPICIOUS_MOVE = YES;
				CLANG_WARN_UNGUARDED_AVAILABILITY = YES_AGGRESSIVE;
				CLANG_WARN_UNREACHABLE_CODE = YES;
				CLANG_WARN__DUPLICATE_METHOD_MATCH = YES;
				COPY_PHASE_STRIP = NO;
				DEBUG_INFORMATION_FORMAT = dwarf;
				DEVELOPMENT_TEAM = "";
				ENABLE_STRICT_OBJC_MSGSEND = YES;
				ENABLE_TESTABILITY = YES;
				ENABLE_USER_SCRIPT_SANDBOXING = NO;
				GENERATE_APP_INTENTS_METADATA = NO;
				GCC_C_LANGUAGE_STANDARD = gnu17;
				GCC_DYNAMIC_NO_PIC = NO;
				GCC_NO_COMMON_BLOCKS = YES;
				GCC_OPTIMIZATION_LEVEL = 0;
				GCC_PREPROCESSOR_DEFINITIONS = (
					"DEBUG=1",
					"$(inherited)",
				);
				GCC_WARN_64_TO_32_BIT_CONVERSION = YES;
				GCC_WARN_ABOUT_RETURN_TYPE = YES_ERROR;
				GCC_WARN_UNDECLARED_SELECTOR = YES;
				GCC_WARN_UNINITIALIZED_AUTOS = YES_AGGRESSIVE;
				GCC_WARN_UNUSED_FUNCTION = YES;
				GCC_WARN_UNUSED_VARIABLE = YES;
				IPHONEOS_DEPLOYMENT_TARGET = 18.0;
				LOCALIZATION_PREFERS_STRING_CATALOGS = YES;
				MTL_ENABLE_DEBUG_INFO = INCLUDE_SOURCE;
				MTL_FAST_MATH = YES;
				ONLY_ACTIVE_ARCH = YES;
				SDKROOT = iphoneos;
				SWIFT_ACTIVE_COMPILATION_CONDITIONS = "DEBUG $(inherited)";
				SWIFT_OPTIMIZATION_LEVEL = "-Onone";
			};
			name = Debug;
		};
		105FC59C2E9EAD3200EA8BCF /* Release */ = {
			isa = XCBuildConfiguration;
			buildSettings = {
				ALWAYS_SEARCH_USER_PATHS = NO;
				ASSETCATALOG_COMPILER_GENERATE_SWIFT_ASSET_SYMBOL_EXTENSIONS = YES;
				CLANG_ANALYZER_NONNULL = YES;
				CLANG_ANALYZER_NUMBER_OBJECT_CONVERSION = YES_AGGRESSIVE;
				CLANG_CXX_LANGUAGE_STANDARD = "gnu++20";
				CLANG_ENABLE_MODULES = YES;
				CLANG_ENABLE_OBJC_ARC = YES;
				CLANG_ENABLE_OBJC_WEAK = YES;
				CLANG_WARN_BLOCK_CAPTURE_AUTORELEASING = YES;
				CLANG_WARN_BOOL_CONVERSION = YES;
				CLANG_WARN_COMMA = YES;
				CLANG_WARN_CONSTANT_CONVERSION = YES;
				CLANG_WARN_DEPRECATED_OBJC_IMPLEMENTATIONS = YES;
				CLANG_WARN_DIRECT_OBJC_ISA_USAGE = YES_ERROR;
				CLANG_WARN_DOCUMENTATION_COMMENTS = YES;
				CLANG_WARN_EMPTY_BODY = YES;
				CLANG_WARN_ENUM_CONVERSION = YES;
				CLANG_WARN_INFINITE_RECURSION = YES;
				CLANG_WARN_INT_CONVERSION = YES;
				CLANG_WARN_NON_LITERAL_NULL_CONVERSION = YES;
				CLANG_WARN_OBJC_IMPLICIT_RETAIN_SELF = YES;
				CLANG_WARN_OBJC_LITERAL_CONVERSION = YES;
				CLANG_WARN_OBJC_ROOT_CLASS = YES_ERROR;
				CLANG_WARN_QUOTED_INCLUDE_IN_FRAMEWORK_HEADER = YES;
				CLANG_WARN_RANGE_LOOP_ANALYSIS = YES;
				CLANG_WARN_STRICT_PROTOTYPES = YES;
				CLANG_WARN_SUSPICIOUS_MOVE = YES;
				CLANG_WARN_UNGUARDED_AVAILABILITY = YES_AGGRESSIVE;
				CLANG_WARN_UNREACHABLE_CODE = YES;
				CLANG_WARN__DUPLICATE_METHOD_MATCH = YES;
				COPY_PHASE_STRIP = NO;
				DEBUG_INFORMATION_FORMAT = "dwarf-with-dsym";
				DEVELOPMENT_TEAM = "";
				ENABLE_NS_ASSERTIONS = NO;
				ENABLE_STRICT_OBJC_MSGSEND = YES;
				ENABLE_USER_SCRIPT_SANDBOXING = NO;
				GENERATE_APP_INTENTS_METADATA = NO;
				GCC_C_LANGUAGE_STANDARD = gnu17;
				GCC_NO_COMMON_BLOCKS = YES;
				GCC_WARN_64_TO_32_BIT_CONVERSION = YES;
				GCC_WARN_ABOUT_RETURN_TYPE = YES_ERROR;
				GCC_WARN_UNDECLARED_SELECTOR = YES;
				GCC_WARN_UNINITIALIZED_AUTOS = YES_AGGRESSIVE;
				GCC_WARN_UNUSED_FUNCTION = YES;
				GCC_WARN_UNUSED_VARIABLE = YES;
				IPHONEOS_DEPLOYMENT_TARGET = 18.0;
				LOCALIZATION_PREFERS_STRING_CATALOGS = YES;
				MTL_ENABLE_DEBUG_INFO = NO;
				MTL_FAST_MATH = YES;
				SDKROOT = iphoneos;
				SWIFT_COMPILATION_MODE = wholemodule;
				VALIDATE_PRODUCT = YES;
			};
			name = Release;
		};
		105FC59E2E9EAD3200EA8BCF /* Debug */ = {
			isa = XCBuildConfiguration;
			buildSettings = {
				ASSETCATALOG_COMPILER_APPICON_NAME = AppIcon;
				ASSETCATALOG_COMPILER_GLOBAL_ACCENT_COLOR_NAME = AccentColor;
				CODE_SIGN_ENTITLEMENTS = MyFeeds/MyFeeds.entitlements;
				CODE_SIGN_STYLE = Automatic;
				CURRENT_PROJECT_VERSION = 1;
				DEVELOPMENT_TEAM = "";
				ENABLE_PREVIEWS = YES;
				GENERATE_INFOPLIST_FILE = YES;
				INFOPLIST_KEY_ITSAppUsesNonExemptEncryption = NO;
				INFOPLIST_KEY_NSAppleMusicUsageDescription = "My Feeds adds the songs you pick to a \"My Feeds\" playlist in your Apple Music library.";
				INFOPLIST_KEY_NSFaceIDUsageDescription = "Use Face ID to quickly sign in to your My Feeds account.";
				INFOPLIST_KEY_UIApplicationSceneManifest_Generation = YES;
				INFOPLIST_KEY_UIApplicationSupportsIndirectInputEvents = YES;
				INFOPLIST_KEY_UILaunchScreen_Generation = YES;
				INFOPLIST_KEY_UISupportedInterfaceOrientations_iPad = "UIInterfaceOrientationPortrait UIInterfaceOrientationPortraitUpsideDown UIInterfaceOrientationLandscapeLeft UIInterfaceOrientationLandscapeRight";
				INFOPLIST_KEY_UISupportedInterfaceOrientations_iPhone = "UIInterfaceOrientationPortrait UIInterfaceOrientationLandscapeLeft UIInterfaceOrientationLandscapeRight";
				LD_RUNPATH_SEARCH_PATHS = (
					"$(inherited)",
					"@executable_path/Frameworks",
				);
				MARKETING_VERSION = 1.0.11;
				OTHER_SWIFT_FLAGS = "$(inherited) -Xfrontend -disable-autolink-framework -Xfrontend AppIntents";
				PRODUCT_BUNDLE_IDENTIFIER = app.rork.je0yu8oeyjzcpim4k10q0;
				PRODUCT_NAME = "$(TARGET_NAME)";
				STRING_CATALOG_GENERATE_SYMBOLS = YES;
				SWIFT_APPROACHABLE_CONCURRENCY = YES;
				SWIFT_DEFAULT_ACTOR_ISOLATION = MainActor;
				SWIFT_EMIT_LOC_STRINGS = YES;
				SWIFT_UPCOMING_FEATURE_MEMBER_IMPORT_VISIBILITY = YES;
				SWIFT_VERSION = 5.0;
				TARGETED_DEVICE_FAMILY = "1,2";
			};
			name = Debug;
		};
		105FC59F2E9EAD3200EA8BCF /* Release */ = {
			isa = XCBuildConfiguration;
			buildSettings = {
				ASSETCATALOG_COMPILER_APPICON_NAME = AppIcon;
				ASSETCATALOG_COMPILER_GLOBAL_ACCENT_COLOR_NAME = AccentColor;
				CODE_SIGN_ENTITLEMENTS = MyFeeds/MyFeeds.entitlements;
				CODE_SIGN_STYLE = Automatic;
				CURRENT_PROJECT_VERSION = 1;
				DEVELOPMENT_TEAM = "";
				ENABLE_PREVIEWS = YES;
				GENERATE_INFOPLIST_FILE = YES;
				INFOPLIST_KEY_ITSAppUsesNonExemptEncryption = NO;
				INFOPLIST_KEY_NSAppleMusicUsageDescription = "My Feeds adds the songs you pick to a \"My Feeds\" playlist in your Apple Music library.";
				INFOPLIST_KEY_NSFaceIDUsageDescription = "Use Face ID to quickly sign in to your My Feeds account.";
				INFOPLIST_KEY_UIApplicationSceneManifest_Generation = YES;
				INFOPLIST_KEY_UIApplicationSupportsIndirectInputEvents = YES;
				INFOPLIST_KEY_UILaunchScreen_Generation = YES;
				INFOPLIST_KEY_UISupportedInterfaceOrientations_iPad = "UIInterfaceOrientationPortrait UIInterfaceOrientationPortraitUpsideDown UIInterfaceOrientationLandscapeLeft UIInterfaceOrientationLandscapeRight";
				INFOPLIST_KEY_UISupportedInterfaceOrientations_iPhone = "UIInterfaceOrientationPortrait UIInterfaceOrientationLandscapeLeft UIInterfaceOrientationLandscapeRight";
				LD_RUNPATH_SEARCH_PATHS = (
					"$(inherited)",
					"@executable_path/Frameworks",
				);
				MARKETING_VERSION = 1.0.11;
				OTHER_SWIFT_FLAGS = "$(inherited) -Xfrontend -disable-autolink-framework -Xfrontend AppIntents";
				PRODUCT_BUNDLE_IDENTIFIER = app.rork.je0yu8oeyjzcpim4k10q0;
				PRODUCT_NAME = "$(TARGET_NAME)";
				STRING_CATALOG_GENERATE_SYMBOLS = YES;
				SWIFT_APPROACHABLE_CONCURRENCY = YES;
				SWIFT_DEFAULT_ACTOR_ISOLATION = MainActor;
				SWIFT_EMIT_LOC_STRINGS = YES;
				SWIFT_UPCOMING_FEATURE_MEMBER_IMPORT_VISIBILITY = YES;
				SWIFT_VERSION = 5.0;
				TARGETED_DEVICE_FAMILY = "1,2";
			};
			name = Release;
		};
		105FC5A12E9EAD3200EA8BCF /* Debug */ = {
			isa = XCBuildConfiguration;
			buildSettings = {
				BUNDLE_LOADER = "$(TEST_HOST)";
				CODE_SIGN_STYLE = Automatic;
				CURRENT_PROJECT_VERSION = 1;
				DEVELOPMENT_TEAM = "";
				GENERATE_INFOPLIST_FILE = YES;
				IPHONEOS_DEPLOYMENT_TARGET = 18.0;
				MARKETING_VERSION = 1.0.11;
				PRODUCT_BUNDLE_IDENTIFIER = app.rork.je0yu8oeyjzcpim4k10q0.tests;
				PRODUCT_NAME = "$(TARGET_NAME)";
				STRING_CATALOG_GENERATE_SYMBOLS = NO;
				SWIFT_APPROACHABLE_CONCURRENCY = YES;
				SWIFT_EMIT_LOC_STRINGS = NO;
				SWIFT_UPCOMING_FEATURE_MEMBER_IMPORT_VISIBILITY = YES;
				SWIFT_VERSION = 5.0;
				TARGETED_DEVICE_FAMILY = "1,2";
				TEST_HOST = "$(BUILT_PRODUCTS_DIR)/MyFeeds.app/$(BUNDLE_EXECUTABLE_FOLDER_PATH)/MyFeeds";
			};
			name = Debug;
		};
		105FC5A22E9EAD3200EA8BCF /* Release */ = {
			isa = XCBuildConfiguration;
			buildSettings = {
				BUNDLE_LOADER = "$(TEST_HOST)";
				CODE_SIGN_STYLE = Automatic;
				CURRENT_PROJECT_VERSION = 1;
				DEVELOPMENT_TEAM = "";
				GENERATE_INFOPLIST_FILE = YES;
				IPHONEOS_DEPLOYMENT_TARGET = 18.0;
				MARKETING_VERSION = 1.0.11;
				PRODUCT_BUNDLE_IDENTIFIER = app.rork.je0yu8oeyjzcpim4k10q0.tests;
				PRODUCT_NAME = "$(TARGET_NAME)";
				STRING_CATALOG_GENERATE_SYMBOLS = NO;
				SWIFT_APPROACHABLE_CONCURRENCY = YES;
				SWIFT_EMIT_LOC_STRINGS = NO;
				SWIFT_UPCOMING_FEATURE_MEMBER_IMPORT_VISIBILITY = YES;
				SWIFT_VERSION = 5.0;
				TARGETED_DEVICE_FAMILY = "1,2";
				TEST_HOST = "$(BUILT_PRODUCTS_DIR)/MyFeeds.app/$(BUNDLE_EXECUTABLE_FOLDER_PATH)/MyFeeds";
			};
			name = Release;
		};
		105FC5A42E9EAD3200EA8BCF /* Debug */ = {
			isa = XCBuildConfiguration;
			buildSettings = {
				CODE_SIGN_STYLE = Automatic;
				CURRENT_PROJECT_VERSION = 1;
				DEVELOPMENT_TEAM = "";
				GENERATE_INFOPLIST_FILE = YES;
				MARKETING_VERSION = 1.0.11;
				PRODUCT_BUNDLE_IDENTIFIER = app.rork.je0yu8oeyjzcpim4k10q0.uitests;
				PRODUCT_NAME = "$(TARGET_NAME)";
				STRING_CATALOG_GENERATE_SYMBOLS = NO;
				SWIFT_APPROACHABLE_CONCURRENCY = YES;
				SWIFT_EMIT_LOC_STRINGS = NO;
				SWIFT_UPCOMING_FEATURE_MEMBER_IMPORT_VISIBILITY = YES;
				SWIFT_VERSION = 5.0;
				TARGETED_DEVICE_FAMILY = "1,2";
				TEST_TARGET_NAME = MyFeeds;
			};
			name = Debug;
		};
		105FC5A52E9EAD3200EA8BCF /* Release */ = {
			isa = XCBuildConfiguration;
			buildSettings = {
				CODE_SIGN_STYLE = Automatic;
				CURRENT_PROJECT_VERSION = 1;
				DEVELOPMENT_TEAM = "";
				GENERATE_INFOPLIST_FILE = YES;
				MARKETING_VERSION = 1.0.11;
				PRODUCT_BUNDLE_IDENTIFIER = app.rork.je0yu8oeyjzcpim4k10q0.uitests;
				PRODUCT_NAME = "$(TARGET_NAME)";
				STRING_CATALOG_GENERATE_SYMBOLS = NO;
				SWIFT_APPROACHABLE_CONCURRENCY = YES;
				SWIFT_EMIT_LOC_STRINGS = NO;
				SWIFT_UPCOMING_FEATURE_MEMBER_IMPORT_VISIBILITY = YES;
				SWIFT_VERSION = 5.0;
				TARGETED_DEVICE_FAMILY = "1,2";
				TEST_TARGET_NAME = MyFeeds;
			};
			name = Release;
		};
		A1F000000000000000000008 /* Debug */ = {
			isa = XCBuildConfiguration;
			buildSettings = {
				CODE_SIGN_ENTITLEMENTS = MyFeedsShare/MyFeedsShare.entitlements;
				CODE_SIGN_STYLE = Automatic;
				CURRENT_PROJECT_VERSION = 1;
				DEVELOPMENT_TEAM = "";
				GENERATE_INFOPLIST_FILE = YES;
				INFOPLIST_FILE = MyFeedsShare/Info.plist;
				INFOPLIST_KEY_CFBundleDisplayName = "My Feeds";
				INFOPLIST_KEY_NSHumanReadableCopyright = "";
				IPHONEOS_DEPLOYMENT_TARGET = 18.0;
				LD_RUNPATH_SEARCH_PATHS = (
					"$(inherited)",
					"@executable_path/Frameworks",
					"@executable_path/../../Frameworks",
				);
				MARKETING_VERSION = 1.0.11;
				PRODUCT_BUNDLE_IDENTIFIER = app.rork.je0yu8oeyjzcpim4k10q0.share;
				PRODUCT_NAME = "$(TARGET_NAME)";
				SKIP_INSTALL = YES;
				STRING_CATALOG_GENERATE_SYMBOLS = NO;
				SWIFT_APPROACHABLE_CONCURRENCY = YES;
				SWIFT_EMIT_LOC_STRINGS = YES;
				SWIFT_VERSION = 5.0;
				TARGETED_DEVICE_FAMILY = "1,2";
			};
			name = Debug;
		};
		A1F000000000000000000009 /* Release */ = {
			isa = XCBuildConfiguration;
			buildSettings = {
				CODE_SIGN_ENTITLEMENTS = MyFeedsShare/MyFeedsShare.entitlements;
				CODE_SIGN_STYLE = Automatic;
				CURRENT_PROJECT_VERSION = 1;
				DEVELOPMENT_TEAM = "";
				GENERATE_INFOPLIST_FILE = YES;
				INFOPLIST_FILE = MyFeedsShare/Info.plist;
				INFOPLIST_KEY_CFBundleDisplayName = "My Feeds";
				INFOPLIST_KEY_NSHumanReadableCopyright = "";
				IPHONEOS_DEPLOYMENT_TARGET = 18.0;
				LD_RUNPATH_SEARCH_PATHS = (
					"$(inherited)",
					"@executable_path/Frameworks",
					"@executable_path/../../Frameworks",
				);
				MARKETING_VERSION = 1.0.11;
				PRODUCT_BUNDLE_IDENTIFIER = app.rork.je0yu8oeyjzcpim4k10q0.share;
				PRODUCT_NAME = "$(TARGET_NAME)";
				SKIP_INSTALL = YES;
				STRING_CATALOG_GENERATE_SYMBOLS = NO;
				SWIFT_APPROACHABLE_CONCURRENCY = YES;
				SWIFT_EMIT_LOC_STRINGS = YES;
				SWIFT_VERSION = 5.0;
				TARGETED_DEVICE_FAMILY = "1,2";
			};
			name = Release;
		};
/* End XCBuildConfiguration section */

/* Begin XCConfigurationList section */
		105FC5752E9EAD3100EA8BCF /* Build configuration list for PBXProject "MyFeeds" */ = {
			isa = XCConfigurationList;
			buildConfigurations = (
				105FC59B2E9EAD3200EA8BCF /* Debug */,
				105FC59C2E9EAD3200EA8BCF /* Release */,
			);
			defaultConfigurationIsVisible = 0;
			defaultConfigurationName = Release;
		};
		105FC59D2E9EAD3200EA8BCF /* Build configuration list for PBXNativeTarget "MyFeeds" */ = {
			isa = XCConfigurationList;
			buildConfigurations = (
				105FC59E2E9EAD3200EA8BCF /* Debug */,
				105FC59F2E9EAD3200EA8BCF /* Release */,
			);
			defaultConfigurationIsVisible = 0;
			defaultConfigurationName = Release;
		};
		105FC5A02E9EAD3200EA8BCF /* Build configuration list for PBXNativeTarget "MyFeedsTests" */ = {
			isa = XCConfigurationList;
			buildConfigurations = (
				105FC5A12E9EAD3200EA8BCF /* Debug */,
				105FC5A22E9EAD3200EA8BCF /* Release */,
			);
			defaultConfigurationIsVisible = 0;
			defaultConfigurationName = Release;
		};
		105FC5A32E9EAD3200EA8BCF /* Build configuration list for PBXNativeTarget "MyFeedsUITests" */ = {
			isa = XCConfigurationList;
			buildConfigurations = (
				105FC5A42E9EAD3200EA8BCF /* Debug */,
				105FC5A52E9EAD3200EA8BCF /* Release */,
			);
			defaultConfigurationIsVisible = 0;
			defaultConfigurationName = Release;
		};
		A1F000000000000000000007 /* Build configuration list for PBXNativeTarget "MyFeedsShare" */ = {
			isa = XCConfigurationList;
			buildConfigurations = (
				A1F000000000000000000008 /* Debug */,
				A1F000000000000000000009 /* Release */,
			);
			defaultConfigurationIsVisible = 0;
			defaultConfigurationName = Release;
		};
/* End XCConfigurationList section */

/* Begin XCRemoteSwiftPackageReference section */
		XXA26CCC1C14E04A80BED3XX /* XCRemoteSwiftPackageReference "supabase-swift" */ = {
			isa = XCRemoteSwiftPackageReference;
			repositoryURL = "https://github.com/supabase/supabase-swift.git";
			requirement = {
				kind = upToNextMajorVersion;
				minimumVersion = 2.0.0;
			};
		};
/* End XCRemoteSwiftPackageReference section */

/* Begin XCSwiftPackageProductDependency section */
		XX17F496E7391AF4178246XX /* Supabase */ = {
			isa = XCSwiftPackageProductDependency;
			package = XXA26CCC1C14E04A80BED3XX /* XCRemoteSwiftPackageReference "supabase-swift" */;
			productName = Supabase;
		};
		A1F00000000000000000000B /* Supabase */ = {
			isa = XCSwiftPackageProductDependency;
			package = XXA26CCC1C14E04A80BED3XX /* XCRemoteSwiftPackageReference "supabase-swift" */;
			productName = Supabase;
		};
/* End XCSwiftPackageProductDependency section */
	};
	rootObject = 105FC5722E9EAD3100EA8BCF /* Project object */;
}
